
Microsoft Visual Studio Solution File, Format Version 12.00
# Visual Studio Version 16
VisualStudioVersion = 16.0.29215.179
MinimumVisualStudioVersion = 10.0.40219.1
Project("{FAE04EC0-301F-11D3-BF4B-00C04F79EFBC}") = "LB2SPZ", "LB2SPZ.csproj", "{35CEC708-E47B-40D5-B2E2-7D7D745734E1}"
EndProject
Global
	GlobalSection(SolutionConfigurationPlatforms) = preSolution
		Debug|Any CPU = Debug|Any CPU
		Release|Any CPU = Release|Any CPU
	EndGlobalSection
	GlobalSection(ProjectConfigurationPlatforms) = postSolution
		{35CEC708-E47B-40D5-B2E2-7D7D745734E1}.Debug|Any CPU.ActiveCfg = Debug|Any CPU
		{35CEC708-E47B-40D5-B2E2-7D7D745734E1}.Debug|Any CPU.Build.0 = Debug|Any CPU
		{35CEC708-E47B-40D5-B2E2-7D7D745734E1}.Release|Any CPU.ActiveCfg = Release|Any CPU
		{35CEC708-E47B-40D5-B2E2-7D7D745734E1}.Release|Any CPU.Build.0 = Release|Any CPU
	EndGlobalSection
	GlobalSection(SolutionProperties) = preSolution
		HideSolutionNode = FALSE
	EndGlobalSection
	GlobalSection(ExtensibilityGlobals) = postSolution
		SolutionGuid = {F9602E7D-CC5F-48B7-8806-4414E1084C46}
	EndGlobalSection
EndGlobal
